// !$*UTF8*$!
{
	archiveVersion = 1;
	classes = {
	};
	objectVersion = 46;
	objects = {

/* Begin PBXBuildFile section */
		43667ADD1DCE652A0050D9F8 /* AppDelegate.swift in Sources */ = {isa = PBXBuildFile; fileRef = 43667ADC1DCE652A0050D9F8 /* AppDelegate.swift */; };
		43667AE21DCE652A0050D9F8 /* Main.storyboard in Resources */ = {isa = PBXBuildFile; fileRef = 43667AE01DCE652A0050D9F8 /* Main.storyboard */; };
		43667AE41DCE652A0050D9F8 /* Assets.xcassets in Resources */ = {isa = PBXBuildFile; fileRef = 43667AE31DCE652A0050D9F8 /* Assets.xcassets */; };
		43667AE71DCE652A0050D9F8 /* LaunchScreen.storyboard in Resources */ = {isa = PBXBuildFile; fileRef = 43667AE51DCE652A0050D9F8 /* LaunchScreen.storyboard */; };
		43667AF21DCE652B0050D9F8 /* BMICalculatorTests.swift in Sources */ = {isa = PBXBuildFile; fileRef = 43667AF11DCE652B0050D9F8 /* BMICalculatorTests.swift */; };
		43667AFD1DCE652B0050D9F8 /* BMICalculatorUITests.swift in Sources */ = {isa = PBXBuildFile; fileRef = 43667AFC1DCE652B0050D9F8 /* BMICalculatorUITests.swift */; };
		43667B0B1DCE65460050D9F8 /* CalculatorViewController.swift in Sources */ = {isa = PBXBuildFile; fileRef = 43667B0A1DCE65460050D9F8 /* CalculatorViewController.swift */; };
		43667B201DCE65950050D9F8 /* UIColor.swift in Sources */ = {isa = PBXBuildFile; fileRef = 43667B0F1DCE65950050D9F8 /* UIColor.swift */; };
		43667B211DCE65950050D9F8 /* FontAutoAdjust.swift in Sources */ = {isa = PBXBuildFile; fileRef = 43667B101DCE65950050D9F8 /* FontAutoAdjust.swift */; };
		43667B221DCE65950050D9F8 /* Device.swift in Sources */ = {isa = PBXBuildFile; fileRef = 43667B111DCE65950050D9F8 /* Device.swift */; };
		43667B231DCE65950050D9F8 /* UIViewController.swift in Sources */ = {isa = PBXBuildFile; fileRef = 43667B121DCE65950050D9F8 /* UIViewController.swift */; };
		43667B241DCE65950050D9F8 /* SegueHandlerType.swift in Sources */ = {isa = PBXBuildFile; fileRef = 43667B131DCE65950050D9F8 /* SegueHandlerType.swift */; };
		43667B251DCE65950050D9F8 /* UIView.swift in Sources */ = {isa = PBXBuildFile; fileRef = 43667B141DCE65950050D9F8 /* UIView.swift */; };
		43667B261DCE65950050D9F8 /* UIImage.swift in Sources */ = {isa = PBXBuildFile; fileRef = 43667B151DCE65950050D9F8 /* UIImage.swift */; };
		43667B271DCE65950050D9F8 /* CGFloat.swift in Sources */ = {isa = PBXBuildFile; fileRef = 43667B161DCE65950050D9F8 /* CGFloat.swift */; };
		43667B281DCE65950050D9F8 /* UIStoryboard.swift in Sources */ = {isa = PBXBuildFile; fileRef = 43667B171DCE65950050D9F8 /* UIStoryboard.swift */; };
		43667B291DCE65950050D9F8 /* UIScrollView.swift in Sources */ = {isa = PBXBuildFile; fileRef = 43667B181DCE65950050D9F8 /* UIScrollView.swift */; };
		43667B2A1DCE65950050D9F8 /* UITableView.swift in Sources */ = {isa = PBXBuildFile; fileRef = 43667B191DCE65950050D9F8 /* UITableView.swift */; };
		43667B2B1DCE65950050D9F8 /* Bool.swift in Sources */ = {isa = PBXBuildFile; fileRef = 43667B1A1DCE65950050D9F8 /* Bool.swift */; };
		43667B2C1DCE65950050D9F8 /* UIImageView.swift in Sources */ = {isa = PBXBuildFile; fileRef = 43667B1B1DCE65950050D9F8 /* UIImageView.swift */; };
		43667B2D1DCE65950050D9F8 /* UINavigationBar.swift in Sources */ = {isa = PBXBuildFile; fileRef = 43667B1C1DCE65950050D9F8 /* UINavigationBar.swift */; };
		43667B2E1DCE65950050D9F8 /* String.swift in Sources */ = {isa = PBXBuildFile; fileRef = 43667B1D1DCE65950050D9F8 /* String.swift */; };
		43667B2F1DCE65950050D9F8 /* CALayer.swift in Sources */ = {isa = PBXBuildFile; fileRef = 43667B1E1DCE65950050D9F8 /* CALayer.swift */; };
		43667B301DCE65950050D9F8 /* NSNotification.swift in Sources */ = {isa = PBXBuildFile; fileRef = 43667B1F1DCE65950050D9F8 /* NSNotification.swift */; };
		43667B381DCE65C30050D9F8 /* DesignableButton.swift in Sources */ = {isa = PBXBuildFile; fileRef = 43667B321DCE65C30050D9F8 /* DesignableButton.swift */; };
		43667B391DCE65C30050D9F8 /* DesignableView.swift in Sources */ = {isa = PBXBuildFile; fileRef = 43667B331DCE65C30050D9F8 /* DesignableView.swift */; };
		43667B3A1DCE65C30050D9F8 /* DesignableImageView.swift in Sources */ = {isa = PBXBuildFile; fileRef = 43667B341DCE65C30050D9F8 /* DesignableImageView.swift */; };
		43667B3B1DCE65C30050D9F8 /* OKView.swift in Sources */ = {isa = PBXBuildFile; fileRef = 43667B351DCE65C30050D9F8 /* OKView.swift */; };
		43667B3C1DCE65C30050D9F8 /* DirectionView.swift in Sources */ = {isa = PBXBuildFile; fileRef = 43667B361DCE65C30050D9F8 /* DirectionView.swift */; };
		43667B3D1DCE65C30050D9F8 /* ProgressView.swift in Sources */ = {isa = PBXBuildFile; fileRef = 43667B371DCE65C30050D9F8 /* ProgressView.swift */; };
		43667B4C1DCE65E60050D9F8 /* SF-UI-Text-Regular.otf in Resources */ = {isa = PBXBuildFile; fileRef = 43667B3F1DCE65E60050D9F8 /* SF-UI-Text-Regular.otf */; };
		43667B4D1DCE65E60050D9F8 /* MyGeocell-Regular.ttf in Resources */ = {isa = PBXBuildFile; fileRef = 43667B401DCE65E60050D9F8 /* MyGeocell-Regular.ttf */; };
		43667B4E1DCE65E60050D9F8 /* Rubik-Regular.ttf in Resources */ = {isa = PBXBuildFile; fileRef = 43667B411DCE65E60050D9F8 /* Rubik-Regular.ttf */; };
		43667B4F1DCE65E60050D9F8 /* ! BPG GEL v2.ttf in Resources */ = {isa = PBXBuildFile; fileRef = 43667B421DCE65E60050D9F8 /* ! BPG GEL v2.ttf */; };
		43667B501DCE65E60050D9F8 /* BPG_Arial_2010.ttf in Resources */ = {isa = PBXBuildFile; fileRef = 43667B431DCE65E60050D9F8 /* BPG_Arial_2010.ttf */; };
		43667B511DCE65E60050D9F8 /* bpg_phone_sans_bold_italic 2.ttf in Resources */ = {isa = PBXBuildFile; fileRef = 43667B441DCE65E60050D9F8 /* bpg_phone_sans_bold_italic 2.ttf */; };
		43667B521DCE65E60050D9F8 /* bpg_phone_sans_bold_italic.ttf in Resources */ = {isa = PBXBuildFile; fileRef = 43667B451DCE65E60050D9F8 /* bpg_phone_sans_bold_italic.ttf */; };
		43667B531DCE65E60050D9F8 /* bpg_phone_sans_bold.ttf in Resources */ = {isa = PBXBuildFile; fileRef = 43667B461DCE65E60050D9F8 /* bpg_phone_sans_bold.ttf */; };
		43667B541DCE65E60050D9F8 /* bpg_phone_sans_italic.ttf in Resources */ = {isa = PBXBuildFile; fileRef = 43667B471DCE65E60050D9F8 /* bpg_phone_sans_italic.ttf */; };
		43667B551DCE65E60050D9F8 /* bpg_phone_sans.ttf in Resources */ = {isa = PBXBuildFile; fileRef = 43667B481DCE65E60050D9F8 /* bpg_phone_sans.ttf */; };
		43667B561DCE65E60050D9F8 /* NotoSans-Bold.ttf in Resources */ = {isa = PBXBuildFile; fileRef = 43667B491DCE65E60050D9F8 /* NotoSans-Bold.ttf */; };
		43667B571DCE65E60050D9F8 /* NotoSans-Regular.ttf in Resources */ = {isa = PBXBuildFile; fileRef = 43667B4A1DCE65E60050D9F8 /* NotoSans-Regular.ttf */; };
		43667B581DCE65E60050D9F8 /* ProjectFont.swift in Sources */ = {isa = PBXBuildFile; fileRef = 43667B4B1DCE65E60050D9F8 /* ProjectFont.swift */; };
		43667B5A1DCE66870050D9F8 /* BaseNavigationController.swift in Sources */ = {isa = PBXBuildFile; fileRef = 43667B591DCE66870050D9F8 /* BaseNavigationController.swift */; };
		43667B5D1DCE66E20050D9F8 /* ProjectColor.swift in Sources */ = {isa = PBXBuildFile; fileRef = 43667B5C1DCE66E20050D9F8 /* ProjectColor.swift */; };
		43667B601DCE66EE0050D9F8 /* Language.swift in Sources */ = {isa = PBXBuildFile; fileRef = 43667B5E1DCE66EE0050D9F8 /* Language.swift */; };
		43667B611DCE66EE0050D9F8 /* Settings.swift in Sources */ = {isa = PBXBuildFile; fileRef = 43667B5F1DCE66EE0050D9F8 /* Settings.swift */; };
		43667B631DCE67330050D9F8 /* ProjectStoryboard.swift in Sources */ = {isa = PBXBuildFile; fileRef = 43667B621DCE67330050D9F8 /* ProjectStoryboard.swift */; };
/* End PBXBuildFile section */

/* Begin PBXContainerItemProxy section */
		43667AEE1DCE652B0050D9F8 /* PBXContainerItemProxy */ = {
			isa = PBXContainerItemProxy;
			containerPortal = 43667AD11DCE652A0050D9F8 /* Project object */;
			proxyType = 1;
			remoteGlobalIDString = 43667AD81DCE652A0050D9F8;
			remoteInfo = BMICalculator;
		};
		43667AF91DCE652B0050D9F8 /* PBXContainerItemProxy */ = {
			isa = PBXContainerItemProxy;
			containerPortal = 43667AD11DCE652A0050D9F8 /* Project object */;
			proxyType = 1;
			remoteGlobalIDString = 43667AD81DCE652A0050D9F8;
			remoteInfo = BMICalculator;
		};
/* End PBXContainerItemProxy section */

/* Begin PBXFileReference section */
		43667AD91DCE652A0050D9F8 /* BMICalculator.app */ = {isa = PBXFileReference; explicitFileType = wrapper.application; includeInIndex = 0; path = BMICalculator.app; sourceTree = BUILT_PRODUCTS_DIR; };
		43667ADC1DCE652A0050D9F8 /* AppDelegate.swift */ = {isa = PBXFileReference; lastKnownFileType = sourcecode.swift; path = AppDelegate.swift; sourceTree = "<group>"; };
		43667AE11DCE652A0050D9F8 /* Base */ = {isa = PBXFileReference; lastKnownFileType = file.storyboard; name = Base; path = Base.lproj/Main.storyboard; sourceTree = "<group>"; };
		43667AE31DCE652A0050D9F8 /* Assets.xcassets */ = {isa = PBXFileReference; lastKnownFileType = folder.assetcatalog; path = Assets.xcassets; sourceTree = "<group>"; };
		43667AE61DCE652A0050D9F8 /* Base */ = {isa = PBXFileReference; lastKnownFileType = file.storyboard; name = Base; path = Base.lproj/LaunchScreen.storyboard; sourceTree = "<group>"; };
		43667AE81DCE652A0050D9F8 /* Info.plist */ = {isa = PBXFileReference; lastKnownFileType = text.plist.xml; path = Info.plist; sourceTree = "<group>"; };
		43667AED1DCE652B0050D9F8 /* BMICalculatorTests.xctest */ = {isa = PBXFileReference; explicitFileType = wrapper.cfbundle; includeInIndex = 0; path = BMICalculatorTests.xctest; sourceTree = BUILT_PRODUCTS_DIR; };
		43667AF11DCE652B0050D9F8 /* BMICalculatorTests.swift */ = {isa = PBXFileReference; lastKnownFileType = sourcecode.swift; path = BMICalculatorTests.swift; sourceTree = "<group>"; };
		43667AF31DCE652B0050D9F8 /* Info.plist */ = {isa = PBXFileReference; lastKnownFileType = text.plist.xml; path = Info.plist; sourceTree = "<group>"; };
		43667AF81DCE652B0050D9F8 /* BMICalculatorUITests.xctest */ = {isa = PBXFileReference; explicitFileType = wrapper.cfbundle; includeInIndex = 0; path = BMICalculatorUITests.xctest; sourceTree = BUILT_PRODUCTS_DIR; };
		43667AFC1DCE652B0050D9F8 /* BMICalculatorUITests.swift */ = {isa = PBXFileReference; lastKnownFileType = sourcecode.swift; path = BMICalculatorUITests.swift; sourceTree = "<group>"; };
		43667AFE1DCE652B0050D9F8 /* Info.plist */ = {isa = PBXFileReference; lastKnownFileType = text.plist.xml; path = Info.plist; sourceTree = "<group>"; };
		43667B0A1DCE65460050D9F8 /* CalculatorViewController.swift */ = {isa = PBXFileReference; fileEncoding = 4; lastKnownFileType = sourcecode.swift; path = CalculatorViewController.swift; sourceTree = "<group>"; };
		43667B0F1DCE65950050D9F8 /* UIColor.swift */ = {isa = PBXFileReference; fileEncoding = 4; lastKnownFileType = sourcecode.swift; path = UIColor.swift; sourceTree = "<group>"; };
		43667B101DCE65950050D9F8 /* FontAutoAdjust.swift */ = {isa = PBXFileReference; fileEncoding = 4; lastKnownFileType = sourcecode.swift; path = FontAutoAdjust.swift; sourceTree = "<group>"; };
		43667B111DCE65950050D9F8 /* Device.swift */ = {isa = PBXFileReference; fileEncoding = 4; lastKnownFileType = sourcecode.swift; path = Device.swift; sourceTree = "<group>"; };
		43667B121DCE65950050D9F8 /* UIViewController.swift */ = {isa = PBXFileReference; fileEncoding = 4; lastKnownFileType = sourcecode.swift; path = UIViewController.swift; sourceTree = "<group>"; };
		43667B131DCE65950050D9F8 /* SegueHandlerType.swift */ = {isa = PBXFileReference; fileEncoding = 4; lastKnownFileType = sourcecode.swift; path = SegueHandlerType.swift; sourceTree = "<group>"; };
		43667B141DCE65950050D9F8 /* UIView.swift */ = {isa = PBXFileReference; fileEncoding = 4; lastKnownFileType = sourcecode.swift; path = UIView.swift; sourceTree = "<group>"; };
		43667B151DCE65950050D9F8 /* UIImage.swift */ = {isa = PBXFileReference; fileEncoding = 4; lastKnownFileType = sourcecode.swift; path = UIImage.swift; sourceTree = "<group>"; };
		43667B161DCE65950050D9F8 /* CGFloat.swift */ = {isa = PBXFileReference; fileEncoding = 4; lastKnownFileType = sourcecode.swift; path = CGFloat.swift; sourceTree = "<group>"; };
		43667B171DCE65950050D9F8 /* UIStoryboard.swift */ = {isa = PBXFileReference; fileEncoding = 4; lastKnownFileType = sourcecode.swift; path = UIStoryboard.swift; sourceTree = "<group>"; };
		43667B181DCE65950050D9F8 /* UIScrollView.swift */ = {isa = PBXFileReference; fileEncoding = 4; lastKnownFileType = sourcecode.swift; path = UIScrollView.swift; sourceTree = "<group>"; };
		43667B191DCE65950050D9F8 /* UITableView.swift */ = {isa = PBXFileReference; fileEncoding = 4; lastKnownFileType = sourcecode.swift; path = UITableView.swift; sourceTree = "<group>"; };
		43667B1A1DCE65950050D9F8 /* Bool.swift */ = {isa = PBXFileReference; fileEncoding = 4; lastKnownFileType = sourcecode.swift; path = Bool.swift; sourceTree = "<group>"; };
		43667B1B1DCE65950050D9F8 /* UIImageView.swift */ = {isa = PBXFileReference; fileEncoding = 4; lastKnownFileType = sourcecode.swift; path = UIImageView.swift; sourceTree = "<group>"; };
		43667B1C1DCE65950050D9F8 /* UINavigationBar.swift */ = {isa = PBXFileReference; fileEncoding = 4; lastKnownFileType = sourcecode.swift; path = UINavigationBar.swift; sourceTree = "<group>"; };
		43667B1D1DCE65950050D9F8 /* String.swift */ = {isa = PBXFileReference; fileEncoding = 4; lastKnownFileType = sourcecode.swift; path = String.swift; sourceTree = "<group>"; };
		43667B1E1DCE65950050D9F8 /* CALayer.swift */ = {isa = PBXFileReference; fileEncoding = 4; lastKnownFileType = sourcecode.swift; path = CALayer.swift; sourceTree = "<group>"; };
		43667B1F1DCE65950050D9F8 /* NSNotification.swift */ = {isa = PBXFileReference; fileEncoding = 4; lastKnownFileType = sourcecode.swift; path = NSNotification.swift; sourceTree = "<group>"; };
		43667B321DCE65C30050D9F8 /* DesignableButton.swift */ = {isa = PBXFileReference; fileEncoding = 4; lastKnownFileType = sourcecode.swift; path = DesignableButton.swift; sourceTree = "<group>"; };
		43667B331DCE65C30050D9F8 /* DesignableView.swift */ = {isa = PBXFileReference; fileEncoding = 4; lastKnownFileType = sourcecode.swift; path = DesignableView.swift; sourceTree = "<group>"; };
		43667B341DCE65C30050D9F8 /* DesignableImageView.swift */ = {isa = PBXFileReference; fileEncoding = 4; lastKnownFileType = sourcecode.swift; path = DesignableImageView.swift; sourceTree = "<group>"; };
		43667B351DCE65C30050D9F8 /* OKView.swift */ = {isa = PBXFileReference; fileEncoding = 4; lastKnownFileType = sourcecode.swift; path = OKView.swift; sourceTree = "<group>"; };
		43667B361DCE65C30050D9F8 /* DirectionView.swift */ = {isa = PBXFileReference; fileEncoding = 4; lastKnownFileType = sourcecode.swift; path = DirectionView.swift; sourceTree = "<group>"; };
		43667B371DCE65C30050D9F8 /* ProgressView.swift */ = {isa = PBXFileReference; fileEncoding = 4; lastKnownFileType = sourcecode.swift; path = ProgressView.swift; sourceTree = "<group>"; };
		43667B3F1DCE65E60050D9F8 /* SF-UI-Text-Regular.otf */ = {isa = PBXFileReference; lastKnownFileType = file; path = "SF-UI-Text-Regular.otf"; sourceTree = "<group>"; };
		43667B401DCE65E60050D9F8 /* MyGeocell-Regular.ttf */ = {isa = PBXFileReference; lastKnownFileType = file; path = "MyGeocell-Regular.ttf"; sourceTree = "<group>"; };
		43667B411DCE65E60050D9F8 /* Rubik-Regular.ttf */ = {isa = PBXFileReference; lastKnownFileType = file; path = "Rubik-Regular.ttf"; sourceTree = "<group>"; };
		43667B421DCE65E60050D9F8 /* ! BPG GEL v2.ttf */ = {isa = PBXFileReference; lastKnownFileType = file; path = "! BPG GEL v2.ttf"; sourceTree = "<group>"; };
		43667B431DCE65E60050D9F8 /* BPG_Arial_2010.ttf */ = {isa = PBXFileReference; lastKnownFileType = file; path = BPG_Arial_2010.ttf; sourceTree = "<group>"; };
		43667B441DCE65E60050D9F8 /* bpg_phone_sans_bold_italic 2.ttf */ = {isa = PBXFileReference; lastKnownFileType = file; path = "bpg_phone_sans_bold_italic 2.ttf"; sourceTree = "<group>"; };
		43667B451DCE65E60050D9F8 /* bpg_phone_sans_bold_italic.ttf */ = {isa = PBXFileReference; lastKnownFileType = file; path = bpg_phone_sans_bold_italic.ttf; sourceTree = "<group>"; };
		43667B461DCE65E60050D9F8 /* bpg_phone_sans_bold.ttf */ = {isa = PBXFileReference; lastKnownFileType = file; path = bpg_phone_sans_bold.ttf; sourceTree = "<group>"; };
		43667B471DCE65E60050D9F8 /* bpg_phone_sans_italic.ttf */ = {isa = PBXFileReference; lastKnownFileType = file; path = bpg_phone_sans_italic.ttf; sourceTree = "<group>"; };
		43667B481DCE65E60050D9F8 /* bpg_phone_sans.ttf */ = {isa = PBXFileReference; lastKnownFileType = file; path = bpg_phone_sans.ttf; sourceTree = "<group>"; };
		43667B491DCE65E60050D9F8 /* NotoSans-Bold.ttf */ = {isa = PBXFileReference; lastKnownFileType = file; path = "NotoSans-Bold.ttf"; sourceTree = "<group>"; };
		43667B4A1DCE65E60050D9F8 /* NotoSans-Regular.ttf */ = {isa = PBXFileReference; lastKnownFileType = file; path = "NotoSans-Regular.ttf"; sourceTree = "<group>"; };
		43667B4B1DCE65E60050D9F8 /* ProjectFont.swift */ = {isa = PBXFileReference; fileEncoding = 4; lastKnownFileType = sourcecode.swift; path = ProjectFont.swift; sourceTree = "<group>"; };
		43667B591DCE66870050D9F8 /* BaseNavigationController.swift */ = {isa = PBXFileReference; fileEncoding = 4; lastKnownFileType = sourcecode.swift; path = BaseNavigationController.swift; sourceTree = "<group>"; };
		43667B5C1DCE66E20050D9F8 /* ProjectColor.swift */ = {isa = PBXFileReference; fileEncoding = 4; lastKnownFileType = sourcecode.swift; path = ProjectColor.swift; sourceTree = "<group>"; };
		43667B5E1DCE66EE0050D9F8 /* Language.swift */ = {isa = PBXFileReference; fileEncoding = 4; lastKnownFileType = sourcecode.swift; path = Language.swift; sourceTree = "<group>"; };
		43667B5F1DCE66EE0050D9F8 /* Settings.swift */ = {isa = PBXFileReference; fileEncoding = 4; lastKnownFileType = sourcecode.swift; path = Settings.swift; sourceTree = "<group>"; };
		43667B621DCE67330050D9F8 /* ProjectStoryboard.swift */ = {isa = PBXFileReference; fileEncoding = 4; lastKnownFileType = sourcecode.swift; path = ProjectStoryboard.swift; sourceTree = "<group>"; };
/* End PBXFileReference section */

/* Begin PBXFrameworksBuildPhase section */
		43667AD61DCE652A0050D9F8 /* Frameworks */ = {
			isa = PBXFrameworksBuildPhase;
			buildActionMask = 2147483647;
			files = (
			);
			runOnlyForDeploymentPostprocessing = 0;
		};
		43667AEA1DCE652B0050D9F8 /* Frameworks */ = {
			isa = PBXFrameworksBuildPhase;
			buildActionMask = 2147483647;
			files = (
			);
			runOnlyForDeploymentPostprocessing = 0;
		};
		43667AF51DCE652B0050D9F8 /* Frameworks */ = {
			isa = PBXFrameworksBuildPhase;
			buildActionMask = 2147483647;
			files = (
			);
			runOnlyForDeploymentPostprocessing = 0;
		};
/* End PBXFrameworksBuildPhase section */

/* Begin PBXGroup section */
		43667AD01DCE652A0050D9F8 = {
			isa = PBXGroup;
			children = (
				43667ADB1DCE652A0050D9F8 /* BMICalculator */,
				43667AF01DCE652B0050D9F8 /* BMICalculatorTests */,
				43667AFB1DCE652B0050D9F8 /* BMICalculatorUITests */,
				43667ADA1DCE652A0050D9F8 /* Products */,
			);
			sourceTree = "<group>";
		};
		43667ADA1DCE652A0050D9F8 /* Products */ = {
			isa = PBXGroup;
			children = (
				43667AD91DCE652A0050D9F8 /* BMICalculator.app */,
				43667AED1DCE652B0050D9F8 /* BMICalculatorTests.xctest */,
				43667AF81DCE652B0050D9F8 /* BMICalculatorUITests.xctest */,
			);
			name = Products;
			sourceTree = "<group>";
		};
		43667ADB1DCE652A0050D9F8 /* BMICalculator */ = {
			isa = PBXGroup;
			children = (
				43667B0C1DCE65590050D9F8 /* Controllers */,
				43667B0D1DCE65660050D9F8 /* Storyboard */,
				43667B5B1DCE66D00050D9F8 /* Model */,
				43667B0E1DCE65720050D9F8 /* Extensions */,
				43667B311DCE65B00050D9F8 /* Designables */,
				43667B3E1DCE65CD0050D9F8 /* Fonts */,
				43667AE31DCE652A0050D9F8 /* Assets.xcassets */,
				43667AE81DCE652A0050D9F8 /* Info.plist */,
			);
			path = BMICalculator;
			sourceTree = "<group>";
		};
		43667AF01DCE652B0050D9F8 /* BMICalculatorTests */ = {
			isa = PBXGroup;
			children = (
				43667AF11DCE652B0050D9F8 /* BMICalculatorTests.swift */,
				43667AF31DCE652B0050D9F8 /* Info.plist */,
			);
			path = BMICalculatorTests;
			sourceTree = "<group>";
		};
		43667AFB1DCE652B0050D9F8 /* BMICalculatorUITests */ = {
			isa = PBXGroup;
			children = (
				43667AFC1DCE652B0050D9F8 /* BMICalculatorUITests.swift */,
				43667AFE1DCE652B0050D9F8 /* Info.plist */,
			);
			path = BMICalculatorUITests;
			sourceTree = "<group>";
		};
		43667B0C1DCE65590050D9F8 /* Controllers */ = {
			isa = PBXGroup;
			children = (
				43667ADC1DCE652A0050D9F8 /* AppDelegate.swift */,
				43667B0A1DCE65460050D9F8 /* CalculatorViewController.swift */,
				43667B591DCE66870050D9F8 /* BaseNavigationController.swift */,
			);
			name = Controllers;
			sourceTree = "<group>";
		};
		43667B0D1DCE65660050D9F8 /* Storyboard */ = {
			isa = PBXGroup;
			children = (
				43667B621DCE67330050D9F8 /* ProjectStoryboard.swift */,
				43667AE01DCE652A0050D9F8 /* Main.storyboard */,
				43667AE51DCE652A0050D9F8 /* LaunchScreen.storyboard */,
			);
			name = Storyboard;
			sourceTree = "<group>";
		};
		43667B0E1DCE65720050D9F8 /* Extensions */ = {
			isa = PBXGroup;
			children = (
				43667B0F1DCE65950050D9F8 /* UIColor.swift */,
				43667B101DCE65950050D9F8 /* FontAutoAdjust.swift */,
				43667B111DCE65950050D9F8 /* Device.swift */,
				43667B121DCE65950050D9F8 /* UIViewController.swift */,
				43667B131DCE65950050D9F8 /* SegueHandlerType.swift */,
				43667B141DCE65950050D9F8 /* UIView.swift */,
				43667B151DCE65950050D9F8 /* UIImage.swift */,
				43667B161DCE65950050D9F8 /* CGFloat.swift */,
				43667B171DCE65950050D9F8 /* UIStoryboard.swift */,
				43667B181DCE65950050D9F8 /* UIScrollView.swift */,
				43667B191DCE65950050D9F8 /* UITableView.swift */,
				43667B1A1DCE65950050D9F8 /* Bool.swift */,
				43667B1B1DCE65950050D9F8 /* UIImageView.swift */,
				43667B1C1DCE65950050D9F8 /* UINavigationBar.swift */,
				43667B1D1DCE65950050D9F8 /* String.swift */,
				43667B1E1DCE65950050D9F8 /* CALayer.swift */,
				43667B1F1DCE65950050D9F8 /* NSNotification.swift */,
			);
			name = Extensions;
			sourceTree = "<group>";
		};
		43667B311DCE65B00050D9F8 /* Designables */ = {
			isa = PBXGroup;
			children = (
				43667B321DCE65C30050D9F8 /* DesignableButton.swift */,
				43667B331DCE65C30050D9F8 /* DesignableView.swift */,
				43667B341DCE65C30050D9F8 /* DesignableImageView.swift */,
				43667B351DCE65C30050D9F8 /* OKView.swift */,
				43667B361DCE65C30050D9F8 /* DirectionView.swift */,
				43667B371DCE65C30050D9F8 /* ProgressView.swift */,
			);
			name = Designables;
			sourceTree = "<group>";
		};
		43667B3E1DCE65CD0050D9F8 /* Fonts */ = {
			isa = PBXGroup;
			children = (
				43667B3F1DCE65E60050D9F8 /* SF-UI-Text-Regular.otf */,
				43667B401DCE65E60050D9F8 /* MyGeocell-Regular.ttf */,
				43667B411DCE65E60050D9F8 /* Rubik-Regular.ttf */,
				43667B421DCE65E60050D9F8 /* ! BPG GEL v2.ttf */,
				43667B431DCE65E60050D9F8 /* BPG_Arial_2010.ttf */,
				43667B441DCE65E60050D9F8 /* bpg_phone_sans_bold_italic 2.ttf */,
				43667B451DCE65E60050D9F8 /* bpg_phone_sans_bold_italic.ttf */,
				43667B461DCE65E60050D9F8 /* bpg_phone_sans_bold.ttf */,
				43667B471DCE65E60050D9F8 /* bpg_phone_sans_italic.ttf */,
				43667B481DCE65E60050D9F8 /* bpg_phone_sans.ttf */,
				43667B491DCE65E60050D9F8 /* NotoSans-Bold.ttf */,
				43667B4A1DCE65E60050D9F8 /* NotoSans-Regular.ttf */,
				43667B4B1DCE65E60050D9F8 /* ProjectFont.swift */,
			);
			name = Fonts;
			sourceTree = "<group>";
		};
		43667B5B1DCE66D00050D9F8 /* Model */ = {
			isa = PBXGroup;
			children = (
				43667B5C1DCE66E20050D9F8 /* ProjectColor.swift */,
				43667B5E1DCE66EE0050D9F8 /* Language.swift */,
				43667B5F1DCE66EE0050D9F8 /* Settings.swift */,
			);
			name = Model;
			sourceTree = "<group>";
		};
/* End PBXGroup section */

/* Begin PBXNativeTarget section */
		43667AD81DCE652A0050D9F8 /* BMICalculator */ = {
			isa = PBXNativeTarget;
			buildConfigurationList = 43667B011DCE652B0050D9F8 /* Build configuration list for PBXNativeTarget "BMICalculator" */;
			buildPhases = (
				43667AD51DCE652A0050D9F8 /* Sources */,
				43667AD61DCE652A0050D9F8 /* Frameworks */,
				43667AD71DCE652A0050D9F8 /* Resources */,
			);
			buildRules = (
			);
			dependencies = (
			);
			name = BMICalculator;
			productName = BMICalculator;
			productReference = 43667AD91DCE652A0050D9F8 /* BMICalculator.app */;
			productType = "com.apple.product-type.application";
		};
		43667AEC1DCE652B0050D9F8 /* BMICalculatorTests */ = {
			isa = PBXNativeTarget;
			buildConfigurationList = 43667B041DCE652B0050D9F8 /* Build configuration list for PBXNativeTarget "BMICalculatorTests" */;
			buildPhases = (
				43667AE91DCE652B0050D9F8 /* Sources */,
				43667AEA1DCE652B0050D9F8 /* Frameworks */,
				43667AEB1DCE652B0050D9F8 /* Resources */,
			);
			buildRules = (
			);
			dependencies = (
				43667AEF1DCE652B0050D9F8 /* PBXTargetDependency */,
			);
			name = BMICalculatorTests;
			productName = BMICalculatorTests;
			productReference = 43667AED1DCE652B0050D9F8 /* BMICalculatorTests.xctest */;
			productType = "com.apple.product-type.bundle.unit-test";
		};
		43667AF71DCE652B0050D9F8 /* BMICalculatorUITests */ = {
			isa = PBXNativeTarget;
			buildConfigurationList = 43667B071DCE652B0050D9F8 /* Build configuration list for PBXNativeTarget "BMICalculatorUITests" */;
			buildPhases = (
				43667AF41DCE652B0050D9F8 /* Sources */,
				43667AF51DCE652B0050D9F8 /* Frameworks */,
				43667AF61DCE652B0050D9F8 /* Resources */,
			);
			buildRules = (
			);
			dependencies = (
				43667AFA1DCE652B0050D9F8 /* PBXTargetDependency */,
			);
			name = BMICalculatorUITests;
			productName = BMICalculatorUITests;
			productReference = 43667AF81DCE652B0050D9F8 /* BMICalculatorUITests.xctest */;
			productType = "com.apple.product-type.bundle.ui-testing";
		};
/* End PBXNativeTarget section */

/* Begin PBXProject section */
		43667AD11DCE652A0050D9F8 /* Project object */ = {
			isa = PBXProject;
			attributes = {
				LastSwiftUpdateCheck = 0810;
				LastUpgradeCheck = 0810;
				ORGANIZATIONNAME = Ioramashvilebi;
				TargetAttributes = {
					43667AD81DCE652A0050D9F8 = {
						CreatedOnToolsVersion = 8.1;
						DevelopmentTeam = P56L8EXYGW;
						ProvisioningStyle = Automatic;
					};
					43667AEC1DCE652B0050D9F8 = {
						CreatedOnToolsVersion = 8.1;
						DevelopmentTeam = P56L8EXYGW;
						ProvisioningStyle = Automatic;
						TestTargetID = 43667AD81DCE652A0050D9F8;
					};
					43667AF71DCE652B0050D9F8 = {
						CreatedOnToolsVersion = 8.1;
						DevelopmentTeam = P56L8EXYGW;
						ProvisioningStyle = Automatic;
						TestTargetID = 43667AD81DCE652A0050D9F8;
					};
				};
			};
			buildConfigurationList = 43667AD41DCE652A0050D9F8 /* Build configuration list for PBXProject "BMICalculator" */;
			compatibilityVersion = "Xcode 3.2";
			developmentRegion = English;
			hasScannedForEncodings = 0;
			knownRegions = (
				en,
				Base,
			);
			mainGroup = 43667AD01DCE652A0050D9F8;
			productRefGroup = 43667ADA1DCE652A0050D9F8 /* Products */;
			projectDirPath = "";
			projectRoot = "";
			targets = (
				43667AD81DCE652A0050D9F8 /* BMICalculator */,
				43667AEC1DCE652B0050D9F8 /* BMICalculatorTests */,
				43667AF71DCE652B0050D9F8 /* BMICalculatorUITests */,
			);
		};
/* End PBXProject section */

/* Begin PBXResourcesBuildPhase section */
		43667AD71DCE652A0050D9F8 /* Resources */ = {
			isa = PBXResourcesBuildPhase;
			buildActionMask = 2147483647;
			files = (
				43667B551DCE65E60050D9F8 /* bpg_phone_sans.ttf in Resources */,
				43667B531DCE65E60050D9F8 /* bpg_phone_sans_bold.ttf in Resources */,
				43667B4D1DCE65E60050D9F8 /* MyGeocell-Regular.ttf in Resources */,
				43667B501DCE65E60050D9F8 /* BPG_Arial_2010.ttf in Resources */,
				43667B4E1DCE65E60050D9F8 /* Rubik-Regular.ttf in Resources */,
				43667AE71DCE652A0050D9F8 /* LaunchScreen.storyboard in Resources */,
				43667AE41DCE652A0050D9F8 /* Assets.xcassets in Resources */,
				43667B4C1DCE65E60050D9F8 /* SF-UI-Text-Regular.otf in Resources */,
				43667B4F1DCE65E60050D9F8 /* ! BPG GEL v2.ttf in Resources */,
				43667B541DCE65E60050D9F8 /* bpg_phone_sans_italic.ttf in Resources */,
				43667B561DCE65E60050D9F8 /* NotoSans-Bold.ttf in Resources */,
				43667B521DCE65E60050D9F8 /* bpg_phone_sans_bold_italic.ttf in Resources */,
				43667B571DCE65E60050D9F8 /* NotoSans-Regular.ttf in Resources */,
				43667AE21DCE652A0050D9F8 /* Main.storyboard in Resources */,
				43667B511DCE65E60050D9F8 /* bpg_phone_sans_bold_italic 2.ttf in Resources */,
			);
			runOnlyForDeploymentPostprocessing = 0;
		};
		43667AEB1DCE652B0050D9F8 /* Resources */ = {
			isa = PBXResourcesBuildPhase;
			buildActionMask = 2147483647;
			files = (
			);
			runOnlyForDeploymentPostprocessing = 0;
		};
		43667AF61DCE652B0050D9F8 /* Resources */ = {
			isa = PBXResourcesBuildPhase;
			buildActionMask = 2147483647;
			files = (
			);
			runOnlyForDeploymentPostprocessing = 0;
		};
/* End PBXResourcesBuildPhase section */

/* Begin PBXSourcesBuildPhase section */
		43667AD51DCE652A0050D9F8 /* Sources */ = {
			isa = PBXSourcesBuildPhase;
			buildActionMask = 2147483647;
			files = (
				43667B2D1DCE65950050D9F8 /* UINavigationBar.swift in Sources */,
				43667B281DCE65950050D9F8 /* UIStoryboard.swift in Sources */,
				43667B381DCE65C30050D9F8 /* DesignableButton.swift in Sources */,
				43667B231DCE65950050D9F8 /* UIViewController.swift in Sources */,
				43667B2F1DCE65950050D9F8 /* CALayer.swift in Sources */,
				43667B3C1DCE65C30050D9F8 /* DirectionView.swift in Sources */,
				43667B261DCE65950050D9F8 /* UIImage.swift in Sources */,
				43667B271DCE65950050D9F8 /* CGFloat.swift in Sources */,
				43667B5A1DCE66870050D9F8 /* BaseNavigationController.swift in Sources */,
				43667B241DCE65950050D9F8 /* SegueHandlerType.swift in Sources */,
				43667B5D1DCE66E20050D9F8 /* ProjectColor.swift in Sources */,
				43667B581DCE65E60050D9F8 /* ProjectFont.swift in Sources */,
				43667B201DCE65950050D9F8 /* UIColor.swift in Sources */,
				43667B0B1DCE65460050D9F8 /* CalculatorViewController.swift in Sources */,
				43667B2C1DCE65950050D9F8 /* UIImageView.swift in Sources */,
				43667B2B1DCE65950050D9F8 /* Bool.swift in Sources */,
				43667B221DCE65950050D9F8 /* Device.swift in Sources */,
				43667B631DCE67330050D9F8 /* ProjectStoryboard.swift in Sources */,
				43667B391DCE65C30050D9F8 /* DesignableView.swift in Sources */,
				43667B2E1DCE65950050D9F8 /* String.swift in Sources */,
				43667ADD1DCE652A0050D9F8 /* AppDelegate.swift in Sources */,
				43667B611DCE66EE0050D9F8 /* Settings.swift in Sources */,
				43667B601DCE66EE0050D9F8 /* Language.swift in Sources */,
				43667B251DCE65950050D9F8 /* UIView.swift in Sources */,
				43667B211DCE65950050D9F8 /* FontAutoAdjust.swift in Sources */,
				43667B291DCE65950050D9F8 /* UIScrollView.swift in Sources */,
				43667B3B1DCE65C30050D9F8 /* OKView.swift in Sources */,
				43667B3A1DCE65C30050D9F8 /* DesignableImageView.swift in Sources */,
				43667B2A1DCE65950050D9F8 /* UITableView.swift in Sources */,
				43667B301DCE65950050D9F8 /* NSNotification.swift in Sources */,
				43667B3D1DCE65C30050D9F8 /* ProgressView.swift in Sources */,
			);
			runOnlyForDeploymentPostprocessing = 0;
		};
		43667AE91DCE652B0050D9F8 /* Sources */ = {
			isa = PBXSourcesBuildPhase;
			buildActionMask = 2147483647;
			files = (
				43667AF21DCE652B0050D9F8 /* BMICalculatorTests.swift in Sources */,
			);
			runOnlyForDeploymentPostprocessing = 0;
		};
		43667AF41DCE652B0050D9F8 /* Sources */ = {
			isa = PBXSourcesBuildPhase;
			buildActionMask = 2147483647;
			files = (
				43667AFD1DCE652B0050D9F8 /* BMICalculatorUITests.swift in Sources */,
			);
			runOnlyForDeploymentPostprocessing = 0;
		};
/* End PBXSourcesBuildPhase section */

/* Begin PBXTargetDependency section */
		43667AEF1DCE652B0050D9F8 /* PBXTargetDependency */ = {
			isa = PBXTargetDependency;
			target = 43667AD81DCE652A0050D9F8 /* BMICalculator */;
			targetProxy = 43667AEE1DCE652B0050D9F8 /* PBXContainerItemProxy */;
		};
		43667AFA1DCE652B0050D9F8 /* PBXTargetDependency */ = {
			isa = PBXTargetDependency;
			target = 43667AD81DCE652A0050D9F8 /* BMICalculator */;
			targetProxy = 43667AF91DCE652B0050D9F8 /* PBXContainerItemProxy */;
		};
/* End PBXTargetDependency section */

/* Begin PBXVariantGroup section */
		43667AE01DCE652A0050D9F8 /* Main.storyboard */ = {
			isa = PBXVariantGroup;
			children = (
				43667AE11DCE652A0050D9F8 /* Base */,
			);
			name = Main.storyboard;
			sourceTree = "<group>";
		};
		43667AE51DCE652A0050D9F8 /* LaunchScreen.storyboard */ = {
			isa = PBXVariantGroup;
			children = (
				43667AE61DCE652A0050D9F8 /* Base */,
			);
			name = LaunchScreen.storyboard;
			sourceTree = "<group>";
		};
/* End PBXVariantGroup section */

/* Begin XCBuildConfiguration section */
		43667AFF1DCE652B0050D9F8 /* Debug */ = {
			isa = XCBuildConfiguration;
			buildSettings = {
				ALWAYS_SEARCH_USER_PATHS = NO;
				CLANG_ANALYZER_NONNULL = YES;
				CLANG_CXX_LANGUAGE_STANDARD = "gnu++0x";
				CLANG_CXX_LIBRARY = "libc++";
				CLANG_ENABLE_MODULES = YES;
				CLANG_ENABLE_OBJC_ARC = YES;
				CLANG_WARN_BOOL_CONVERSION = YES;
				CLANG_WARN_CONSTANT_CONVERSION = YES;
				CLANG_WARN_DIRECT_OBJC_ISA_USAGE = YES_ERROR;
				CLANG_WARN_DOCUMENTATION_COMMENTS = YES;
				CLANG_WARN_EMPTY_BODY = YES;
				CLANG_WARN_ENUM_CONVERSION = YES;
				CLANG_WARN_INFINITE_RECURSION = YES;
				CLANG_WARN_INT_CONVERSION = YES;
				CLANG_WARN_OBJC_ROOT_CLASS = YES_ERROR;
				CLANG_WARN_SUSPICIOUS_MOVES = YES;
				CLANG_WARN_UNREACHABLE_CODE = YES;
				CLANG_WARN__DUPLICATE_METHOD_MATCH = YES;
				"CODE_SIGN_IDENTITY[sdk=iphoneos*]" = "iPhone Developer";
				COPY_PHASE_STRIP = NO;
				DEBUG_INFORMATION_FORMAT = dwarf;
				ENABLE_STRICT_OBJC_MSGSEND = YES;
				ENABLE_TESTABILITY = YES;
				GCC_C_LANGUAGE_STANDARD = gnu99;
				GCC_DYNAMIC_NO_PIC = NO;
				GCC_NO_COMMON_BLOCKS = YES;
				GCC_OPTIMIZATION_LEVEL = 0;
				GCC_PREPROCESSOR_DEFINITIONS = (
					"DEBUG=1",
					"$(inherited)",
				);
				GCC_WARN_64_TO_32_BIT_CONVERSION = YES;
				GCC_WARN_ABOUT_RETURN_TYPE = YES_ERROR;
				GCC_WARN_UNDECLARED_SELECTOR = YES;
				GCC_WARN_UNINITIALIZED_AUTOS = YES_AGGRESSIVE;
				GCC_WARN_UNUSED_FUNCTION = YES;
				GCC_WARN_UNUSED_VARIABLE = YES;
				IPHONEOS_DEPLOYMENT_TARGET = 10.1;
				MTL_ENABLE_DEBUG_INFO = YES;
				ONLY_ACTIVE_ARCH = YES;
				SDKROOT = iphoneos;
				SWIFT_ACTIVE_COMPILATION_CONDITIONS = DEBUG;
				SWIFT_OPTIMIZATION_LEVEL = "-Onone";
				TARGETED_DEVICE_FAMILY = "1,2";
			};
			name = Debug;
		};
		43667B001DCE652B0050D9F8 /* Release */ = {
			isa = XCBuildConfiguration;
			buildSettings = {
				ALWAYS_SEARCH_USER_PATHS = NO;
				CLANG_ANALYZER_NONNULL = YES;
				CLANG_CXX_LANGUAGE_STANDARD = "gnu++0x";
				CLANG_CXX_LIBRARY = "libc++";
				CLANG_ENABLE_MODULES = YES;
				CLANG_ENABLE_OBJC_ARC = YES;
				CLANG_WARN_BOOL_CONVERSION = YES;
				CLANG_WARN_CONSTANT_CONVERSION = YES;
				CLANG_WARN_DIRECT_OBJC_ISA_USAGE = YES_ERROR;
				CLANG_WARN_DOCUMENTATION_COMMENTS = YES;
				CLANG_WARN_EMPTY_BODY = YES;
				CLANG_WARN_ENUM_CONVERSION = YES;
				CLANG_WARN_INFINITE_RECURSION = YES;
				CLANG_WARN_INT_CONVERSION = YES;
				CLANG_WARN_OBJC_ROOT_CLASS = YES_ERROR;
				CLANG_WARN_SUSPICIOUS_MOVES = YES;
				CLANG_WARN_UNREACHABLE_CODE = YES;
				CLANG_WARN__DUPLICATE_METHOD_MATCH = YES;
				"CODE_SIGN_IDENTITY[sdk=iphoneos*]" = "iPhone Developer";
				COPY_PHASE_STRIP = NO;
				DEBUG_INFORMATION_FORMAT = "dwarf-with-dsym";
				ENABLE_NS_ASSERTIONS = NO;
				ENABLE_STRICT_OBJC_MSGSEND = YES;
				GCC_C_LANGUAGE_STANDARD = gnu99;
				GCC_NO_COMMON_BLOCKS = YES;
				GCC_WARN_64_TO_32_BIT_CONVERSION = YES;
				GCC_WARN_ABOUT_RETURN_TYPE = YES_ERROR;
				GCC_WARN_UNDECLARED_SELECTOR = YES;
				GCC_WARN_UNINITIALIZED_AUTOS = YES_AGGRESSIVE;
				GCC_WARN_UNUSED_FUNCTION = YES;
				GCC_WARN_UNUSED_VARIABLE = YES;
				IPHONEOS_DEPLOYMENT_TARGET = 10.1;
				MTL_ENABLE_DEBUG_INFO = NO;
				SDKROOT = iphoneos;
				SWIFT_OPTIMIZATION_LEVEL = "-Owholemodule";
				TARGETED_DEVICE_FAMILY = "1,2";
				VALIDATE_PRODUCT = YES;
			};
			name = Release;
		};
		43667B021DCE652B0050D9F8 /* Debug */ = {
			isa = XCBuildConfiguration;
			buildSettings = {
				ASSETCATALOG_COMPILER_APPICON_NAME = AppIcon;
				DEVELOPMENT_TEAM = P56L8EXYGW;
				INFOPLIST_FILE = BMICalculator/Info.plist;
				LD_RUNPATH_SEARCH_PATHS = "$(inherited) @executable_path/Frameworks";
				PRODUCT_BUNDLE_IDENTIFIER = com.ioramashvili.BMICalculator;
				PRODUCT_NAME = "$(TARGET_NAME)";
				SWIFT_VERSION = 3.0;
			};
			name = Debug;
		};
		43667B031DCE652B0050D9F8 /* Release */ = {
			isa = XCBuildConfiguration;
			buildSettings = {
				ASSETCATALOG_COMPILER_APPICON_NAME = AppIcon;
				DEVELOPMENT_TEAM = P56L8EXYGW;
				INFOPLIST_FILE = BMICalculator/Info.plist;
				LD_RUNPATH_SEARCH_PATHS = "$(inherited) @executable_path/Frameworks";
				PRODUCT_BUNDLE_IDENTIFIER = com.ioramashvili.BMICalculator;
				PRODUCT_NAME = "$(TARGET_NAME)";
				SWIFT_VERSION = 3.0;
			};
			name = Release;
		};
		43667B051DCE652B0050D9F8 /* Debug */ = {
			isa = XCBuildConfiguration;
			buildSettings = {
				ALWAYS_EMBED_SWIFT_STANDARD_LIBRARIES = YES;
				BUNDLE_LOADER = "$(TEST_HOST)";
				DEVELOPMENT_TEAM = P56L8EXYGW;
				INFOPLIST_FILE = BMICalculatorTests/Info.plist;
				LD_RUNPATH_SEARCH_PATHS = "$(inherited) @executable_path/Frameworks @loader_path/Frameworks";
				PRODUCT_BUNDLE_IDENTIFIER = com.ioramashvili.BMICalculatorTests;
				PRODUCT_NAME = "$(TARGET_NAME)";
				SWIFT_VERSION = 3.0;
				TEST_HOST = "$(BUILT_PRODUCTS_DIR)/BMICalculator.app/BMICalculator";
			};
			name = Debug;
		};
		43667B061DCE652B0050D9F8 /* Release */ = {
			isa = XCBuildConfiguration;
			buildSettings = {
				ALWAYS_EMBED_SWIFT_STANDARD_LIBRARIES = YES;
				BUNDLE_LOADER = "$(TEST_HOST)";
				DEVELOPMENT_TEAM = P56L8EXYGW;
				INFOPLIST_FILE = BMICalculatorTests/Info.plist;
				LD_RUNPATH_SEARCH_PATHS = "$(inherited) @executable_path/Frameworks @loader_path/Frameworks";
				PRODUCT_BUNDLE_IDENTIFIER = com.ioramashvili.BMICalculatorTests;
				PRODUCT_NAME = "$(TARGET_NAME)";
				SWIFT_VERSION = 3.0;
				TEST_HOST = "$(BUILT_PRODUCTS_DIR)/BMICalculator.app/BMICalculator";
			};
			name = Release;
		};
		43667B081DCE652B0050D9F8 /* Debug */ = {
			isa = XCBuildConfiguration;
			buildSettings = {
				ALWAYS_EMBED_SWIFT_STANDARD_LIBRARIES = YES;
				DEVELOPMENT_TEAM = P56L8EXYGW;
				INFOPLIST_FILE = BMICalculatorUITests/Info.plist;
				LD_RUNPATH_SEARCH_PATHS = "$(inherited) @executable_path/Frameworks @loader_path/Frameworks";
				PRODUCT_BUNDLE_IDENTIFIER = com.ioramashvili.BMICalculatorUITests;
				PRODUCT_NAME = "$(TARGET_NAME)";
				SWIFT_VERSION = 3.0;
				TEST_TARGET_NAME = BMICalculator;
			};
			name = Debug;
		};
		43667B091DCE652B0050D9F8 /* Release */ = {
			isa = XCBuildConfiguration;
			buildSettings = {
				ALWAYS_EMBED_SWIFT_STANDARD_LIBRARIES = YES;
				DEVELOPMENT_TEAM = P56L8EXYGW;
				INFOPLIST_FILE = BMICalculatorUITests/Info.plist;
				LD_RUNPATH_SEARCH_PATHS = "$(inherited) @executable_path/Frameworks @loader_path/Frameworks";
				PRODUCT_BUNDLE_IDENTIFIER = com.ioramashvili.BMICalculatorUITests;
				PRODUCT_NAME = "$(TARGET_NAME)";
				SWIFT_VERSION = 3.0;
				TEST_TARGET_NAME = BMICalculator;
			};
			name = Release;
		};
/* End XCBuildConfiguration section */

/* Begin XCConfigurationList section */
		43667AD41DCE652A0050D9F8 /* Build configuration list for PBXProject "BMICalculator" */ = {
			isa = XCConfigurationList;
			buildConfigurations = (
				43667AFF1DCE652B0050D9F8 /* Debug */,
				43667B001DCE652B0050D9F8 /* Release */,
			);
			defaultConfigurationIsVisible = 0;
			defaultConfigurationName = Release;
		};
		43667B011DCE652B0050D9F8 /* Build configuration list for PBXNativeTarget "BMICalculator" */ = {
			isa = XCConfigurationList;
			buildConfigurations = (
				43667B021DCE652B0050D9F8 /* Debug */,
				43667B031DCE652B0050D9F8 /* Release */,
			);
			defaultConfigurationIsVisible = 0;
		};
		43667B041DCE652B0050D9F8 /* Build configuration list for PBXNativeTarget "BMICalculatorTests" */ = {
			isa = XCConfigurationList;
			buildConfigurations = (
				43667B051DCE652B0050D9F8 /* Debug */,
				43667B061DCE652B0050D9F8 /* Release */,
			);
			defaultConfigurationIsVisible = 0;
		};
		43667B071DCE652B0050D9F8 /* Build configuration list for PBXNativeTarget "BMICalculatorUITests" */ = {
			isa = XCConfigurationList;
			buildConfigurations = (
				43667B081DCE652B0050D9F8 /* Debug */,
				43667B091DCE652B0050D9F8 /* Release */,
			);
			defaultConfigurationIsVisible = 0;
		};
/* End XCConfigurationList section */
	};
	rootObject = 43667AD11DCE652A0050D9F8 /* Project object */;
}
